
Microsoft Visual Studio Solution File, Format Version 12.00
# Visual Studio Version 17
VisualStudioVersion = 17.14.36301.6 d17.14
MinimumVisualStudioVersion = 10.0.40219.1
Project("{FAE04EC0-301F-11D3-BF4B-00C04F79EFBC}") = "22DH112015_TranPhiLong", "22DH112015_TranPhiLong.csproj", "{7B1720F1-55D6-426A-A5C1-096791CEF677}"
EndProject
Global
	GlobalSection(SolutionConfigurationPlatforms) = preSolution
		Debug|Any CPU = Debug|Any CPU
		Release|Any CPU = Release|Any CPU
	EndGlobalSection
	GlobalSection(ProjectConfigurationPlatforms) = postSolution
		{7B1720F1-55D6-426A-A5C1-096791CEF677}.Debug|Any CPU.ActiveCfg = Debug|Any CPU
		{7B1720F1-55D6-426A-A5C1-096791CEF677}.Debug|Any CPU.Build.0 = Debug|Any CPU
		{7B1720F1-55D6-426A-A5C1-096791CEF677}.Release|Any CPU.ActiveCfg = Release|Any CPU
		{7B1720F1-55D6-426A-A5C1-096791CEF677}.Release|Any CPU.Build.0 = Release|Any CPU
	EndGlobalSection
	GlobalSection(SolutionProperties) = preSolution
		HideSolutionNode = FALSE
	EndGlobalSection
	GlobalSection(ExtensibilityGlobals) = postSolution
		SolutionGuid = {BE71AED6-1BD1-4C52-9548-1E4E460385AC}
	EndGlobalSection
EndGlobal
